// !$*UTF8*$!
{
	archiveVersion = 1;
	classes = {
	};
	objectVersion = 46;
	objects = {

/* Begin PBXBuildFile section */
		5F066E3313FAD77B00CD5F0A /* StorageHelper.m in Sources */ = {isa = PBXBuildFile; fileRef = 5F066E3213FAD77B00CD5F0A /* StorageHelper.m */; };
		5F066E3913FADC4C00CD5F0A /* UIImage+Resize.m in Sources */ = {isa = PBXBuildFile; fileRef = 5F066E3813FADC4C00CD5F0A /* UIImage+Resize.m */; };
		5F50421B13F437330035D965 /* UIKit.framework in Frameworks */ = {isa = PBXBuildFile; fileRef = 5F50421A13F437330035D965 /* UIKit.framework */; };
		5F50421D13F437330035D965 /* Foundation.framework in Frameworks */ = {isa = PBXBuildFile; fileRef = 5F50421C13F437330035D965 /* Foundation.framework */; };
		5F50421F13F437330035D965 /* CoreGraphics.framework in Frameworks */ = {isa = PBXBuildFile; fileRef = 5F50421E13F437330035D965 /* CoreGraphics.framework */; };
		5F50422513F437330035D965 /* InfoPlist.strings in Resources */ = {isa = PBXBuildFile; fileRef = 5F50422313F437330035D965 /* InfoPlist.strings */; };
		5F50422713F437330035D965 /* main.m in Sources */ = {isa = PBXBuildFile; fileRef = 5F50422613F437330035D965 /* main.m */; };
		5F50422B13F437330035D965 /* RemoteConnectorTestsAppDelegate.m in Sources */ = {isa = PBXBuildFile; fileRef = 5F50422A13F437330035D965 /* RemoteConnectorTestsAppDelegate.m */; };
		5F50422E13F437330035D965 /* MainWindow.xib in Resources */ = {isa = PBXBuildFile; fileRef = 5F50422C13F437330035D965 /* MainWindow.xib */; };
		5F50423113F437330035D965 /* RemoteConnectorTestsViewController.m in Sources */ = {isa = PBXBuildFile; fileRef = 5F50423013F437330035D965 /* RemoteConnectorTestsViewController.m */; };
		5F50423413F437330035D965 /* RemoteConnectorTestsViewController.xib in Resources */ = {isa = PBXBuildFile; fileRef = 5F50423213F437330035D965 /* RemoteConnectorTestsViewController.xib */; };
		5FC98AB413FA79E6002C1664 /* DataLoader.m in Sources */ = {isa = PBXBuildFile; fileRef = 5FC98AB113FA79E6002C1664 /* DataLoader.m */; };
		5FC98AB513FA79E6002C1664 /* RemoteConnector.m in Sources */ = {isa = PBXBuildFile; fileRef = 5FC98AB313FA79E6002C1664 /* RemoteConnector.m */; };
/* End PBXBuildFile section */

/* Begin PBXFileReference section */
		5F066E3113FAD77B00CD5F0A /* StorageHelper.h */ = {isa = PBXFileReference; fileEncoding = 4; lastKnownFileType = sourcecode.c.h; name = StorageHelper.h; path = RemoteConnectorTests/Helpers/StorageHelper.h; sourceTree = "<group>"; };
		5F066E3213FAD77B00CD5F0A /* StorageHelper.m */ = {isa = PBXFileReference; fileEncoding = 4; lastKnownFileType = sourcecode.c.objc; name = StorageHelper.m; path = RemoteConnectorTests/Helpers/StorageHelper.m; sourceTree = "<group>"; };
		5F066E3713FADC4C00CD5F0A /* UIImage+Resize.h */ = {isa = PBXFileReference; fileEncoding = 4; lastKnownFileType = sourcecode.c.h; name = "UIImage+Resize.h"; path = "RemoteConnectorTests/Helpers/UIImage+Resize.h"; sourceTree = "<group>"; };
		5F066E3813FADC4C00CD5F0A /* UIImage+Resize.m */ = {isa = PBXFileReference; fileEncoding = 4; lastKnownFileType = sourcecode.c.objc; name = "UIImage+Resize.m"; path = "RemoteConnectorTests/Helpers/UIImage+Resize.m"; sourceTree = "<group>"; };
		5F50421613F437330035D965 /* RemoteConnectorTests.app */ = {isa = PBXFileReference; explicitFileType = wrapper.application; includeInIndex = 0; path = RemoteConnectorTests.app; sourceTree = BUILT_PRODUCTS_DIR; };
		5F50421A13F437330035D965 /* UIKit.framework */ = {isa = PBXFileReference; lastKnownFileType = wrapper.framework; name = UIKit.framework; path = System/Library/Frameworks/UIKit.framework; sourceTree = SDKROOT; };
		5F50421C13F437330035D965 /* Foundation.framework */ = {isa = PBXFileReference; lastKnownFileType = wrapper.framework; name = Foundation.framework; path = System/Library/Frameworks/Foundation.framework; sourceTree = SDKROOT; };
		5F50421E13F437330035D965 /* CoreGraphics.framework */ = {isa = PBXFileReference; lastKnownFileType = wrapper.framework; name = CoreGraphics.framework; path = System/Library/Frameworks/CoreGraphics.framework; sourceTree = SDKROOT; };
		5F50422213F437330035D965 /* RemoteConnectorTests-Info.plist */ = {isa = PBXFileReference; lastKnownFileType = text.plist.xml; path = "RemoteConnectorTests-Info.plist"; sourceTree = "<group>"; };
		5F50422413F437330035D965 /* en */ = {isa = PBXFileReference; lastKnownFileType = text.plist.strings; name = en; path = en.lproj/InfoPlist.strings; sourceTree = "<group>"; };
		5F50422613F437330035D965 /* main.m */ = {isa = PBXFileReference; lastKnownFileType = sourcecode.c.objc; path = main.m; sourceTree = "<group>"; };
		5F50422813F437330035D965 /* RemoteConnectorTests-Prefix.pch */ = {isa = PBXFileReference; lastKnownFileType = sourcecode.c.h; path = "RemoteConnectorTests-Prefix.pch"; sourceTree = "<group>"; };
		5F50422913F437330035D965 /* RemoteConnectorTestsAppDelegate.h */ = {isa = PBXFileReference; lastKnownFileType = sourcecode.c.h; path = RemoteConnectorTestsAppDelegate.h; sourceTree = "<group>"; };
		5F50422A13F437330035D965 /* RemoteConnectorTestsAppDelegate.m */ = {isa = PBXFileReference; lastKnownFileType = sourcecode.c.objc; path = RemoteConnectorTestsAppDelegate.m; sourceTree = "<group>"; };
		5F50422D13F437330035D965 /* en */ = {isa = PBXFileReference; lastKnownFileType = file.xib; name = en; path = en.lproj/MainWindow.xib; sourceTree = "<group>"; };
		5F50422F13F437330035D965 /* RemoteConnectorTestsViewController.h */ = {isa = PBXFileReference; lastKnownFileType = sourcecode.c.h; path = RemoteConnectorTestsViewController.h; sourceTree = "<group>"; };
		5F50423013F437330035D965 /* RemoteConnectorTestsViewController.m */ = {isa = PBXFileReference; lastKnownFileType = sourcecode.c.objc; path = RemoteConnectorTestsViewController.m; sourceTree = "<group>"; };
		5F50423313F437330035D965 /* en */ = {isa = PBXFileReference; lastKnownFileType = file.xib; name = en; path = en.lproj/RemoteConnectorTestsViewController.xib; sourceTree = "<group>"; };
		5FC98AB013FA79E6002C1664 /* DataLoader.h */ = {isa = PBXFileReference; fileEncoding = 4; lastKnownFileType = sourcecode.c.h; name = DataLoader.h; path = RemoteConnectorTests/RemoteConnector/DataLoader.h; sourceTree = "<group>"; };
		5FC98AB113FA79E6002C1664 /* DataLoader.m */ = {isa = PBXFileReference; fileEncoding = 4; lastKnownFileType = sourcecode.c.objc; name = DataLoader.m; path = RemoteConnectorTests/RemoteConnector/DataLoader.m; sourceTree = "<group>"; };
		5FC98AB213FA79E6002C1664 /* RemoteConnector.h */ = {isa = PBXFileReference; fileEncoding = 4; lastKnownFileType = sourcecode.c.h; name = RemoteConnector.h; path = RemoteConnectorTests/RemoteConnector/RemoteConnector.h; sourceTree = "<group>"; };
		5FC98AB313FA79E6002C1664 /* RemoteConnector.m */ = {isa = PBXFileReference; fileEncoding = 4; lastKnownFileType = sourcecode.c.objc; name = RemoteConnector.m; path = RemoteConnectorTests/RemoteConnector/RemoteConnector.m; sourceTree = "<group>"; };
/* End PBXFileReference section */

/* Begin PBXFrameworksBuildPhase section */
		5F50421313F437330035D965 /* Frameworks */ = {
			isa = PBXFrameworksBuildPhase;
			buildActionMask = 2147483647;
			files = (
				5F50421B13F437330035D965 /* UIKit.framework in Frameworks */,
				5F50421D13F437330035D965 /* Foundation.framework in Frameworks */,
				5F50421F13F437330035D965 /* CoreGraphics.framework in Frameworks */,
			);
			runOnlyForDeploymentPostprocessing = 0;
		};
/* End PBXFrameworksBuildPhase section */

/* Begin PBXGroup section */
		5F066E2F13FAD75D00CD5F0A /* Helpers */ = {
			isa = PBXGroup;
			children = (
				5F066E3113FAD77B00CD5F0A /* StorageHelper.h */,
				5F066E3213FAD77B00CD5F0A /* StorageHelper.m */,
				5F066E3713FADC4C00CD5F0A /* UIImage+Resize.h */,
				5F066E3813FADC4C00CD5F0A /* UIImage+Resize.m */,
			);
			name = Helpers;
			sourceTree = "<group>";
		};
		5F50420B13F437320035D965 = {
			isa = PBXGroup;
			children = (
				5F066E2F13FAD75D00CD5F0A /* Helpers */,
				5FC98AAE13FA79B3002C1664 /* RemoteConnector */,
				5F50422013F437330035D965 /* RemoteConnectorTests */,
				5F50421913F437330035D965 /* Frameworks */,
				5F50421713F437330035D965 /* Products */,
			);
			sourceTree = "<group>";
		};
		5F50421713F437330035D965 /* Products */ = {
			isa = PBXGroup;
			children = (
				5F50421613F437330035D965 /* RemoteConnectorTests.app */,
			);
			name = Products;
			sourceTree = "<group>";
		};
		5F50421913F437330035D965 /* Frameworks */ = {
			isa = PBXGroup;
			children = (
				5F50421A13F437330035D965 /* UIKit.framework */,
				5F50421C13F437330035D965 /* Foundation.framework */,
				5F50421E13F437330035D965 /* CoreGraphics.framework */,
			);
			name = Frameworks;
			sourceTree = "<group>";
		};
		5F50422013F437330035D965 /* RemoteConnectorTests */ = {
			isa = PBXGroup;
			children = (
				5F50422913F437330035D965 /* RemoteConnectorTestsAppDelegate.h */,
				5F50422A13F437330035D965 /* RemoteConnectorTestsAppDelegate.m */,
				5F50422C13F437330035D965 /* MainWindow.xib */,
				5F50422F13F437330035D965 /* RemoteConnectorTestsViewController.h */,
				5F50423013F437330035D965 /* RemoteConnectorTestsViewController.m */,
				5F50423213F437330035D965 /* RemoteConnectorTestsViewController.xib */,
				5F50422113F437330035D965 /* Supporting Files */,
			);
			path = RemoteConnectorTests;
			sourceTree = "<group>";
		};
		5F50422113F437330035D965 /* Supporting Files */ = {
			isa = PBXGroup;
			children = (
				5F50422213F437330035D965 /* RemoteConnectorTests-Info.plist */,
				5F50422313F437330035D965 /* InfoPlist.strings */,
				5F50422613F437330035D965 /* main.m */,
				5F50422813F437330035D965 /* RemoteConnectorTests-Prefix.pch */,
			);
			name = "Supporting Files";
			sourceTree = "<group>";
		};
		5FC98AAE13FA79B3002C1664 /* RemoteConnector */ = {
			isa = PBXGroup;
			children = (
				5FC98AB013FA79E6002C1664 /* DataLoader.h */,
				5FC98AB113FA79E6002C1664 /* DataLoader.m */,
				5FC98AB213FA79E6002C1664 /* RemoteConnector.h */,
				5FC98AB313FA79E6002C1664 /* RemoteConnector.m */,
			);
			name = RemoteConnector;
			sourceTree = "<group>";
		};
/* End PBXGroup section */

/* Begin PBXNativeTarget section */
		5F50421513F437330035D965 /* RemoteConnectorTests */ = {
			isa = PBXNativeTarget;
			buildConfigurationList = 5F50423713F437330035D965 /* Build configuration list for PBXNativeTarget "RemoteConnectorTests" */;
			buildPhases = (
				5F50421213F437330035D965 /* Sources */,
				5F50421313F437330035D965 /* Frameworks */,
				5F50421413F437330035D965 /* Resources */,
			);
			buildRules = (
			);
			dependencies = (
			);
			name = RemoteConnectorTests;
			productName = RemoteConnectorTests;
			productReference = 5F50421613F437330035D965 /* RemoteConnectorTests.app */;
			productType = "com.apple.product-type.application";
		};
/* End PBXNativeTarget section */

/* Begin PBXProject section */
		5F50420D13F437330035D965 /* Project object */ = {
			isa = PBXProject;
			attributes = {
				ORGANIZATIONNAME = "Imaginary Factory";
			};
			buildConfigurationList = 5F50421013F437330035D965 /* Build configuration list for PBXProject "RemoteConnectorTests" */;
			compatibilityVersion = "Xcode 3.2";
			developmentRegion = English;
			hasScannedForEncodings = 0;
			knownRegions = (
				en,
			);
			mainGroup = 5F50420B13F437320035D965;
			productRefGroup = 5F50421713F437330035D965 /* Products */;
			projectDirPath = "";
			projectRoot = "";
			targets = (
				5F50421513F437330035D965 /* RemoteConnectorTests */,
			);
		};
/* End PBXProject section */

/* Begin PBXResourcesBuildPhase section */
		5F50421413F437330035D965 /* Resources */ = {
			isa = PBXResourcesBuildPhase;
			buildActionMask = 2147483647;
			files = (
				5F50422513F437330035D965 /* InfoPlist.strings in Resources */,
				5F50422E13F437330035D965 /* MainWindow.xib in Resources */,
				5F50423413F437330035D965 /* RemoteConnectorTestsViewController.xib in Resources */,
			);
			runOnlyForDeploymentPostprocessing = 0;
		};
/* End PBXResourcesBuildPhase section */

/* Begin PBXSourcesBuildPhase section */
		5F50421213F437330035D965 /* Sources */ = {
			isa = PBXSourcesBuildPhase;
			buildActionMask = 2147483647;
			files = (
				5F50422713F437330035D965 /* main.m in Sources */,
				5F50422B13F437330035D965 /* RemoteConnectorTestsAppDelegate.m in Sources */,
				5F50423113F437330035D965 /* RemoteConnectorTestsViewController.m in Sources */,
				5FC98AB413FA79E6002C1664 /* DataLoader.m in Sources */,
				5FC98AB513FA79E6002C1664 /* RemoteConnector.m in Sources */,
				5F066E3313FAD77B00CD5F0A /* StorageHelper.m in Sources */,
				5F066E3913FADC4C00CD5F0A /* UIImage+Resize.m in Sources */,
			);
			runOnlyForDeploymentPostprocessing = 0;
		};
/* End PBXSourcesBuildPhase section */

/* Begin PBXVariantGroup section */
		5F50422313F437330035D965 /* InfoPlist.strings */ = {
			isa = PBXVariantGroup;
			children = (
				5F50422413F437330035D965 /* en */,
			);
			name = InfoPlist.strings;
			sourceTree = "<group>";
		};
		5F50422C13F437330035D965 /* MainWindow.xib */ = {
			isa = PBXVariantGroup;
			children = (
				5F50422D13F437330035D965 /* en */,
			);
			name = MainWindow.xib;
			sourceTree = "<group>";
		};
		5F50423213F437330035D965 /* RemoteConnectorTestsViewController.xib */ = {
			isa = PBXVariantGroup;
			children = (
				5F50423313F437330035D965 /* en */,
			);
			name = RemoteConnectorTestsViewController.xib;
			sourceTree = "<group>";
		};
/* End PBXVariantGroup section */

/* Begin XCBuildConfiguration section */
		5F50423513F437330035D965 /* Debug */ = {
			isa = XCBuildConfiguration;
			buildSettings = {
				ALWAYS_SEARCH_USER_PATHS = NO;
				ARCHS = "$(ARCHS_UNIVERSAL_IPHONE_OS)";
				"CODE_SIGN_IDENTITY[sdk=iphoneos*]" = "iPhone Developer";
				COPY_PHASE_STRIP = NO;
				GCC_C_LANGUAGE_STANDARD = gnu99;
				GCC_DYNAMIC_NO_PIC = NO;
				GCC_OPTIMIZATION_LEVEL = 0;
				GCC_PREPROCESSOR_DEFINITIONS = (
					"DEBUG=1",
					"$(inherited)",
				);
				GCC_SYMBOLS_PRIVATE_EXTERN = NO;
				GCC_VERSION = com.apple.compilers.llvmgcc42;
				GCC_WARN_ABOUT_MISSING_PROTOTYPES = YES;
				GCC_WARN_ABOUT_RETURN_TYPE = YES;
				GCC_WARN_UNUSED_VARIABLE = YES;
				IPHONEOS_DEPLOYMENT_TARGET = 4.3;
				SDKROOT = iphoneos;
				TARGETED_DEVICE_FAMILY = 2;
			};
			name = Debug;
		};
		5F50423613F437330035D965 /* Release */ = {
			isa = XCBuildConfiguration;
			buildSettings = {
				ALWAYS_SEARCH_USER_PATHS = NO;
				ARCHS = "$(ARCHS_UNIVERSAL_IPHONE_OS)";
				"CODE_SIGN_IDENTITY[sdk=iphoneos*]" = "iPhone Developer";
				COPY_PHASE_STRIP = YES;
				GCC_C_LANGUAGE_STANDARD = gnu99;
				GCC_VERSION = com.apple.compilers.llvmgcc42;
				GCC_WARN_ABOUT_MISSING_PROTOTYPES = YES;
				GCC_WARN_ABOUT_RETURN_TYPE = YES;
				GCC_WARN_UNUSED_VARIABLE = YES;
				IPHONEOS_DEPLOYMENT_TARGET = 4.3;
				OTHER_CFLAGS = "-DNS_BLOCK_ASSERTIONS=1";
				SDKROOT = iphoneos;
				TARGETED_DEVICE_FAMILY = 2;
				VALIDATE_PRODUCT = YES;
			};
			name = Release;
		};
		5F50423813F437330035D965 /* Debug */ = {
			isa = XCBuildConfiguration;
			buildSettings = {
				GCC_PRECOMPILE_PREFIX_HEADER = YES;
				GCC_PREFIX_HEADER = "RemoteConnectorTests/RemoteConnectorTests-Prefix.pch";
				INFOPLIST_FILE = "RemoteConnectorTests/RemoteConnectorTests-Info.plist";
				PRODUCT_NAME = "$(TARGET_NAME)";
				WRAPPER_EXTENSION = app;
			};
			name = Debug;
		};
		5F50423913F437330035D965 /* Release */ = {
			isa = XCBuildConfiguration;
			buildSettings = {
				GCC_PRECOMPILE_PREFIX_HEADER = YES;
				GCC_PREFIX_HEADER = "RemoteConnectorTests/RemoteConnectorTests-Prefix.pch";
				INFOPLIST_FILE = "RemoteConnectorTests/RemoteConnectorTests-Info.plist";
				PRODUCT_NAME = "$(TARGET_NAME)";
				WRAPPER_EXTENSION = app;
			};
			name = Release;
		};
/* End XCBuildConfiguration section */

/* Begin XCConfigurationList section */
		5F50421013F437330035D965 /* Build configuration list for PBXProject "RemoteConnectorTests" */ = {
			isa = XCConfigurationList;
			buildConfigurations = (
				5F50423513F437330035D965 /* Debug */,
				5F50423613F437330035D965 /* Release */,
			);
			defaultConfigurationIsVisible = 0;
			defaultConfigurationName = Release;
		};
		5F50423713F437330035D965 /* Build configuration list for PBXNativeTarget "RemoteConnectorTests" */ = {
			isa = XCConfigurationList;
			buildConfigurations = (
				5F50423813F437330035D965 /* Debug */,
				5F50423913F437330035D965 /* Release */,
			);
			defaultConfigurationIsVisible = 0;
			defaultConfigurationName = Release;
		};
/* End XCConfigurationList section */
	};
	rootObject = 5F50420D13F437330035D965 /* Project object */;
}
